
Microsoft Visual Studio Solution File, Format Version 12.00
# Visual Studio 14
VisualStudioVersion = 14.0.25420.1
MinimumVisualStudioVersion = 10.0.40219.1
Project("{F184B08F-C81C-45F6-A57F-5ABD9991F28F}") = "arctic-cli-tool", "arctic-cli-tool\arctic-cli-tool.vbproj", "{B812244B-C1EF-4B31-912C-1902FA9A8467}"
EndProject
Project("{F184B08F-C81C-45F6-A57F-5ABD9991F28F}") = "arctic-cli-tool-test", "arctic-cli-tool-test\arctic-cli-tool-test.vbproj", "{6428FD73-7A59-41EE-8191-FA4EFFC5264F}"
EndProject
Global
	GlobalSection(SolutionConfigurationPlatforms) = preSolution
		Debug|Any CPU = Debug|Any CPU
		Release|Any CPU = Release|Any CPU
	EndGlobalSection
	GlobalSection(ProjectConfigurationPlatforms) = postSolution
		{B812244B-C1EF-4B31-912C-1902FA9A8467}.Debug|Any CPU.ActiveCfg = Debug|Any CPU
		{B812244B-C1EF-4B31-912C-1902FA9A8467}.Debug|Any CPU.Build.0 = Debug|Any CPU
		{B812244B-C1EF-4B31-912C-1902FA9A8467}.Release|Any CPU.ActiveCfg = Release|Any CPU
		{B812244B-C1EF-4B31-912C-1902FA9A8467}.Release|Any CPU.Build.0 = Release|Any CPU
		{6428FD73-7A59-41EE-8191-FA4EFFC5264F}.Debug|Any CPU.ActiveCfg = Debug|Any CPU
		{6428FD73-7A59-41EE-8191-FA4EFFC5264F}.Debug|Any CPU.Build.0 = Debug|Any CPU
		{6428FD73-7A59-41EE-8191-FA4EFFC5264F}.Release|Any CPU.ActiveCfg = Release|Any CPU
		{6428FD73-7A59-41EE-8191-FA4EFFC5264F}.Release|Any CPU.Build.0 = Release|Any CPU
	EndGlobalSection
	GlobalSection(SolutionProperties) = preSolution
		HideSolutionNode = FALSE
	EndGlobalSection
EndGlobal
